
Microsoft Visual Studio Solution File, Format Version 12.00
# Visual Studio Version 16
VisualStudioVersion = 16.0.31321.278
MinimumVisualStudioVersion = 10.0.40219.1
Project("{8BC9CEB8-8B4A-11D0-8D11-00A0C91BC942}") = "Employee Task Manager", "Employee Task Manager\Employee Task Manager.vcxproj", "{AE67DF77-4E91-4D6D-8468-3875C45B135C}"
EndProject
Global
	GlobalSection(SolutionConfigurationPlatforms) = preSolution
		Debug|x64 = Debug|x64
		Debug|x86 = Debug|x86
		Release|x64 = Release|x64
		Release|x86 = Release|x86
	EndGlobalSection
	GlobalSection(ProjectConfigurationPlatforms) = postSolution
		{AE67DF77-4E91-4D6D-8468-3875C45B135C}.Debug|x64.ActiveCfg = Debug|x64
		{AE67DF77-4E91-4D6D-8468-3875C45B135C}.Debug|x64.Build.0 = Debug|x64
		{AE67DF77-4E91-4D6D-8468-3875C45B135C}.Debug|x86.ActiveCfg = Debug|Win32
		{AE67DF77-4E91-4D6D-8468-3875C45B135C}.Debug|x86.Build.0 = Debug|Win32
		{AE67DF77-4E91-4D6D-8468-3875C45B135C}.Release|x64.ActiveCfg = Release|x64
		{AE67DF77-4E91-4D6D-8468-3875C45B135C}.Release|x64.Build.0 = Release|x64
		{AE67DF77-4E91-4D6D-8468-3875C45B135C}.Release|x86.ActiveCfg = Release|Win32
		{AE67DF77-4E91-4D6D-8468-3875C45B135C}.Release|x86.Build.0 = Release|Win32
	EndGlobalSection
	GlobalSection(SolutionProperties) = preSolution
		HideSolutionNode = FALSE
	EndGlobalSection
	GlobalSection(ExtensibilityGlobals) = postSolution
		SolutionGuid = {E0F55D99-CBBE-4E26-8463-75CD9F6C2755}
	EndGlobalSection
EndGlobal
